// !$*UTF8*$!
{
	archiveVersion = 1;
	classes = {
	};
	objectVersion = 50;
	objects = {

/* Begin PBXBuildFile section */
		43679A302650E6A900ABEB4F /* AppDelegate.swift in Sources */ = {isa = PBXBuildFile; fileRef = 43679A2F2650E6A900ABEB4F /* AppDelegate.swift */; };
		43679A322650E6A900ABEB4F /* SceneDelegate.swift in Sources */ = {isa = PBXBuildFile; fileRef = 43679A312650E6A900ABEB4F /* SceneDelegate.swift */; };
		43679A342650E6A900ABEB4F /* ViewController.swift in Sources */ = {isa = PBXBuildFile; fileRef = 43679A332650E6A900ABEB4F /* ViewController.swift */; };
		43679A372650E6A900ABEB4F /* Main.storyboard in Resources */ = {isa = PBXBuildFile; fileRef = 43679A352650E6A900ABEB4F /* Main.storyboard */; };
		43679A392650E6AA00ABEB4F /* Assets.xcassets in Resources */ = {isa = PBXBuildFile; fileRef = 43679A382650E6AA00ABEB4F /* Assets.xcassets */; };
		43679A3C2650E6AA00ABEB4F /* LaunchScreen.storyboard in Resources */ = {isa = PBXBuildFile; fileRef = 43679A3A2650E6AA00ABEB4F /* LaunchScreen.storyboard */; };
		43D16A322651DA45007AA5D0 /* ParkingViewController.swift in Sources */ = {isa = PBXBuildFile; fileRef = 43D16A312651DA45007AA5D0 /* ParkingViewController.swift */; };
/* End PBXBuildFile section */

/* Begin PBXFileReference section */
		43679A2C2650E6A900ABEB4F /* Unticket.app */ = {isa = PBXFileReference; explicitFileType = wrapper.application; includeInIndex = 0; path = Unticket.app; sourceTree = BUILT_PRODUCTS_DIR; };
		43679A2F2650E6A900ABEB4F /* AppDelegate.swift */ = {isa = PBXFileReference; lastKnownFileType = sourcecode.swift; path = AppDelegate.swift; sourceTree = "<group>"; };
		43679A312650E6A900ABEB4F /* SceneDelegate.swift */ = {isa = PBXFileReference; lastKnownFileType = sourcecode.swift; path = SceneDelegate.swift; sourceTree = "<group>"; };
		43679A332650E6A900ABEB4F /* ViewController.swift */ = {isa = PBXFileReference; lastKnownFileType = sourcecode.swift; path = ViewController.swift; sourceTree = "<group>"; };
		43679A362650E6A900ABEB4F /* Base */ = {isa = PBXFileReference; lastKnownFileType = file.storyboard; name = Base; path = Base.lproj/Main.storyboard; sourceTree = "<group>"; };
		43679A382650E6AA00ABEB4F /* Assets.xcassets */ = {isa = PBXFileReference; lastKnownFileType = folder.assetcatalog; path = Assets.xcassets; sourceTree = "<group>"; };
		43679A3B2650E6AA00ABEB4F /* Base */ = {isa = PBXFileReference; lastKnownFileType = file.storyboard; name = Base; path = Base.lproj/LaunchScreen.storyboard; sourceTree = "<group>"; };
		43679A3D2650E6AA00ABEB4F /* Info.plist */ = {isa = PBXFileReference; lastKnownFileType = text.plist.xml; path = Info.plist; sourceTree = "<group>"; };
		43D16A312651DA45007AA5D0 /* ParkingViewController.swift */ = {isa = PBXFileReference; lastKnownFileType = sourcecode.swift; path = ParkingViewController.swift; sourceTree = "<group>"; };
/* End PBXFileReference section */

/* Begin PBXFrameworksBuildPhase section */
		43679A292650E6A900ABEB4F /* Frameworks */ = {
			isa = PBXFrameworksBuildPhase;
			buildActionMask = 2147483647;
			files = (
			);
			runOnlyForDeploymentPostprocessing = 0;
		};
/* End PBXFrameworksBuildPhase section */

/* Begin PBXGroup section */
		43679A232650E6A900ABEB4F = {
			isa = PBXGroup;
			children = (
				43679A2E2650E6A900ABEB4F /* Unticket */,
				43679A2D2650E6A900ABEB4F /* Products */,
			);
			sourceTree = "<group>";
		};
		43679A2D2650E6A900ABEB4F /* Products */ = {
			isa = PBXGroup;
			children = (
				43679A2C2650E6A900ABEB4F /* Unticket.app */,
			);
			name = Products;
			sourceTree = "<group>";
		};
		43679A2E2650E6A900ABEB4F /* Unticket */ = {
			isa = PBXGroup;
			children = (
				43679A2F2650E6A900ABEB4F /* AppDelegate.swift */,
				43679A312650E6A900ABEB4F /* SceneDelegate.swift */,
				43679A332650E6A900ABEB4F /* ViewController.swift */,
				43679A352650E6A900ABEB4F /* Main.storyboard */,
				43679A382650E6AA00ABEB4F /* Assets.xcassets */,
				43679A3A2650E6AA00ABEB4F /* LaunchScreen.storyboard */,
				43679A3D2650E6AA00ABEB4F /* Info.plist */,
				43D16A312651DA45007AA5D0 /* ParkingViewController.swift */,
			);
			path = Unticket;
			sourceTree = "<group>";
		};
/* End PBXGroup section */

/* Begin PBXNativeTarget section */
		43679A2B2650E6A900ABEB4F /* Unticket */ = {
			isa = PBXNativeTarget;
			buildConfigurationList = 43679A402650E6AA00ABEB4F /* Build configuration list for PBXNativeTarget "Unticket" */;
			buildPhases = (
				43679A282650E6A900ABEB4F /* Sources */,
				43679A292650E6A900ABEB4F /* Frameworks */,
				43679A2A2650E6A900ABEB4F /* Resources */,
			);
			buildRules = (
			);
			dependencies = (
			);
			name = Unticket;
			productName = Unticket;
			productReference = 43679A2C2650E6A900ABEB4F /* Unticket.app */;
			productType = "com.apple.product-type.application";
		};
/* End PBXNativeTarget section */

/* Begin PBXProject section */
		43679A242650E6A900ABEB4F /* Project object */ = {
			isa = PBXProject;
			attributes = {
				LastSwiftUpdateCheck = 1250;
				LastUpgradeCheck = 1250;
				TargetAttributes = {
					43679A2B2650E6A900ABEB4F = {
						CreatedOnToolsVersion = 12.5;
					};
				};
			};
			buildConfigurationList = 43679A272650E6A900ABEB4F /* Build configuration list for PBXProject "Unticket" */;
			compatibilityVersion = "Xcode 9.3";
			developmentRegion = en;
			hasScannedForEncodings = 0;
			knownRegions = (
				en,
				Base,
			);
			mainGroup = 43679A232650E6A900ABEB4F;
			productRefGroup = 43679A2D2650E6A900ABEB4F /* Products */;
			projectDirPath = "";
			projectRoot = "";
			targets = (
				43679A2B2650E6A900ABEB4F /* Unticket */,
			);
		};
/* End PBXProject section */

/* Begin PBXResourcesBuildPhase section */
		43679A2A2650E6A900ABEB4F /* Resources */ = {
			isa = PBXResourcesBuildPhase;
			buildActionMask = 2147483647;
			files = (
				43679A3C2650E6AA00ABEB4F /* LaunchScreen.storyboard in Resources */,
				43679A392650E6AA00ABEB4F /* Assets.xcassets in Resources */,
				43679A372650E6A900ABEB4F /* Main.storyboard in Resources */,
			);
			runOnlyForDeploymentPostprocessing = 0;
		};
/* End PBXResourcesBuildPhase section */

/* Begin PBXSourcesBuildPhase section */
		43679A282650E6A900ABEB4F /* Sources */ = {
			isa = PBXSourcesBuildPhase;
			buildActionMask = 2147483647;
			files = (
				43679A342650E6A900ABEB4F /* ViewController.swift in Sources */,
				43D16A322651DA45007AA5D0 /* ParkingViewController.swift in Sources */,
				43679A302650E6A900ABEB4F /* AppDelegate.swift in Sources */,
				43679A322650E6A900ABEB4F /* SceneDelegate.swift in Sources */,
			);
			runOnlyForDeploymentPostprocessing = 0;
		};
/* End PBXSourcesBuildPhase section */

/* Begin PBXVariantGroup section */
		43679A352650E6A900ABEB4F /* Main.storyboard */ = {
			isa = PBXVariantGroup;
			children = (
				43679A362650E6A900ABEB4F /* Base */,
			);
			name = Main.storyboard;
			sourceTree = "<group>";
		};
		43679A3A2650E6AA00ABEB4F /* LaunchScreen.storyboard */ = {
			isa = PBXVariantGroup;
			children = (
				43679A3B2650E6AA00ABEB4F /* Base */,
			);
			name = LaunchScreen.storyboard;
			sourceTree = "<group>";
		};
/* End PBXVariantGroup section */

/* Begin XCBuildConfiguration section */
		43679A3E2650E6AA00ABEB4F /* Debug */ = {
			isa = XCBuildConfiguration;
			buildSettings = {
				ALWAYS_SEARCH_USER_PATHS = NO;
				CLANG_ANALYZER_NONNULL = YES;
				CLANG_ANALYZER_NUMBER_OBJECT_CONVERSION = YES_AGGRESSIVE;
				CLANG_CXX_LANGUAGE_STANDARD = "gnu++14";
				CLANG_CXX_LIBRARY = "libc++";
				CLANG_ENABLE_MODULES = YES;
				CLANG_ENABLE_OBJC_ARC = YES;
				CLANG_ENABLE_OBJC_WEAK = YES;
				CLANG_WARN_BLOCK_CAPTURE_AUTORELEASING = YES;
				CLANG_WARN_BOOL_CONVERSION = YES;
				CLANG_WARN_COMMA = YES;
				CLANG_WARN_CONSTANT_CONVERSION = YES;
				CLANG_WARN_DEPRECATED_OBJC_IMPLEMENTATIONS = YES;
				CLANG_WARN_DIRECT_OBJC_ISA_USAGE = YES_ERROR;
				CLANG_WARN_DOCUMENTATION_COMMENTS = YES;
				CLANG_WARN_EMPTY_BODY = YES;
				CLANG_WARN_ENUM_CONVERSION = YES;
				CLANG_WARN_INFINITE_RECURSION = YES;
				CLANG_WARN_INT_CONVERSION = YES;
				CLANG_WARN_NON_LITERAL_NULL_CONVERSION = YES;
				CLANG_WARN_OBJC_IMPLICIT_RETAIN_SELF = YES;
				CLANG_WARN_OBJC_LITERAL_CONVERSION = YES;
				CLANG_WARN_OBJC_ROOT_CLASS = YES_ERROR;
				CLANG_WARN_QUOTED_INCLUDE_IN_FRAMEWORK_HEADER = YES;
				CLANG_WARN_RANGE_LOOP_ANALYSIS = YES;
				CLANG_WARN_STRICT_PROTOTYPES = YES;
				CLANG_WARN_SUSPICIOUS_MOVE = YES;
				CLANG_WARN_UNGUARDED_AVAILABILITY = YES_AGGRESSIVE;
				CLANG_WARN_UNREACHABLE_CODE = YES;
				CLANG_WARN__DUPLICATE_METHOD_MATCH = YES;
				COPY_PHASE_STRIP = NO;
				DEBUG_INFORMATION_FORMAT = dwarf;
				ENABLE_STRICT_OBJC_MSGSEND = YES;
				ENABLE_TESTABILITY = YES;
				GCC_C_LANGUAGE_STANDARD = gnu11;
				GCC_DYNAMIC_NO_PIC = NO;
				GCC_NO_COMMON_BLOCKS = YES;
				GCC_OPTIMIZATION_LEVEL = 0;
				GCC_PREPROCESSOR_DEFINITIONS = (
					"DEBUG=1",
					"$(inherited)",
				);
				GCC_WARN_64_TO_32_BIT_CONVERSION = YES;
				GCC_WARN_ABOUT_RETURN_TYPE = YES_ERROR;
				GCC_WARN_UNDECLARED_SELECTOR = YES;
				GCC_WARN_UNINITIALIZED_AUTOS = YES_AGGRESSIVE;
				GCC_WARN_UNUSED_FUNCTION = YES;
				GCC_WARN_UNUSED_VARIABLE = YES;
				IPHONEOS_DEPLOYMENT_TARGET = 14.5;
				MTL_ENABLE_DEBUG_INFO = INCLUDE_SOURCE;
				MTL_FAST_MATH = YES;
				ONLY_ACTIVE_ARCH = YES;
				SDKROOT = iphoneos;
				SWIFT_ACTIVE_COMPILATION_CONDITIONS = DEBUG;
				SWIFT_OPTIMIZATION_LEVEL = "-Onone";
			};
			name = Debug;
		};
		43679A3F2650E6AA00ABEB4F /* Release */ = {
			isa = XCBuildConfiguration;
			buildSettings = {
				ALWAYS_SEARCH_USER_PATHS = NO;
				CLANG_ANALYZER_NONNULL = YES;
				CLANG_ANALYZER_NUMBER_OBJECT_CONVERSION = YES_AGGRESSIVE;
				CLANG_CXX_LANGUAGE_STANDARD = "gnu++14";
				CLANG_CXX_LIBRARY = "libc++";
				CLANG_ENABLE_MODULES = YES;
				CLANG_ENABLE_OBJC_ARC = YES;
				CLANG_ENABLE_OBJC_WEAK = YES;
				CLANG_WARN_BLOCK_CAPTURE_AUTORELEASING = YES;
				CLANG_WARN_BOOL_CONVERSION = YES;
				CLANG_WARN_COMMA = YES;
				CLANG_WARN_CONSTANT_CONVERSION = YES;
				CLANG_WARN_DEPRECATED_OBJC_IMPLEMENTATIONS = YES;
				CLANG_WARN_DIRECT_OBJC_ISA_USAGE = YES_ERROR;
				CLANG_WARN_DOCUMENTATION_COMMENTS = YES;
				CLANG_WARN_EMPTY_BODY = YES;
				CLANG_WARN_ENUM_CONVERSION = YES;
				CLANG_WARN_INFINITE_RECURSION = YES;
				CLANG_WARN_INT_CONVERSION = YES;
				CLANG_WARN_NON_LITERAL_NULL_CONVERSION = YES;
				CLANG_WARN_OBJC_IMPLICIT_RETAIN_SELF = YES;
				CLANG_WARN_OBJC_LITERAL_CONVERSION = YES;
				CLANG_WARN_OBJC_ROOT_CLASS = YES_ERROR;
				CLANG_WARN_QUOTED_INCLUDE_IN_FRAMEWORK_HEADER = YES;
				CLANG_WARN_RANGE_LOOP_ANALYSIS = YES;
				CLANG_WARN_STRICT_PROTOTYPES = YES;
				CLANG_WARN_SUSPICIOUS_MOVE = YES;
				CLANG_WARN_UNGUARDED_AVAILABILITY = YES_AGGRESSIVE;
				CLANG_WARN_UNREACHABLE_CODE = YES;
				CLANG_WARN__DUPLICATE_METHOD_MATCH = YES;
				COPY_PHASE_STRIP = NO;
				DEBUG_INFORMATION_FORMAT = "dwarf-with-dsym";
				ENABLE_NS_ASSERTIONS = NO;
				ENABLE_STRICT_OBJC_MSGSEND = YES;
				GCC_C_LANGUAGE_STANDARD = gnu11;
				GCC_NO_COMMON_BLOCKS = YES;
				GCC_WARN_64_TO_32_BIT_CONVERSION = YES;
				GCC_WARN_ABOUT_RETURN_TYPE = YES_ERROR;
				GCC_WARN_UNDECLARED_SELECTOR = YES;
				GCC_WARN_UNINITIALIZED_AUTOS = YES_AGGRESSIVE;
				GCC_WARN_UNUSED_FUNCTION = YES;
				GCC_WARN_UNUSED_VARIABLE = YES;
				IPHONEOS_DEPLOYMENT_TARGET = 14.5;
				MTL_ENABLE_DEBUG_INFO = NO;
				MTL_FAST_MATH = YES;
				SDKROOT = iphoneos;
				SWIFT_COMPILATION_MODE = wholemodule;
				SWIFT_OPTIMIZATION_LEVEL = "-O";
				VALIDATE_PRODUCT = YES;
			};
			name = Release;
		};
		43679A412650E6AA00ABEB4F /* Debug */ = {
			isa = XCBuildConfiguration;
			buildSettings = {
				ASSETCATALOG_COMPILER_APPICON_NAME = AppIcon;
				ASSETCATALOG_COMPILER_GLOBAL_ACCENT_COLOR_NAME = AccentColor;
				CODE_SIGN_STYLE = Automatic;
				INFOPLIST_FILE = Unticket/Info.plist;
				LD_RUNPATH_SEARCH_PATHS = (
					"$(inherited)",
					"@executable_path/Frameworks",
				);
				PRODUCT_BUNDLE_IDENTIFIER = gbc.Unticket;
				PRODUCT_NAME = "$(TARGET_NAME)";
				SWIFT_VERSION = 5.0;
				TARGETED_DEVICE_FAMILY = "1,2";
			};
			name = Debug;
		};
		43679A422650E6AA00ABEB4F /* Release */ = {
			isa = XCBuildConfiguration;
			buildSettings = {
				ASSETCATALOG_COMPILER_APPICON_NAME = AppIcon;
				ASSETCATALOG_COMPILER_GLOBAL_ACCENT_COLOR_NAME = AccentColor;
				CODE_SIGN_STYLE = Automatic;
				INFOPLIST_FILE = Unticket/Info.plist;
				LD_RUNPATH_SEARCH_PATHS = (
					"$(inherited)",
					"@executable_path/Frameworks",
				);
				PRODUCT_BUNDLE_IDENTIFIER = gbc.Unticket;
				PRODUCT_NAME = "$(TARGET_NAME)";
				SWIFT_VERSION = 5.0;
				TARGETED_DEVICE_FAMILY = "1,2";
			};
			name = Release;
		};
/* End XCBuildConfiguration section */

/* Begin XCConfigurationList section */
		43679A272650E6A900ABEB4F /* Build configuration list for PBXProject "Unticket" */ = {
			isa = XCConfigurationList;
			buildConfigurations = (
				43679A3E2650E6AA00ABEB4F /* Debug */,
				43679A3F2650E6AA00ABEB4F /* Release */,
			);
			defaultConfigurationIsVisible = 0;
			defaultConfigurationName = Release;
		};
		43679A402650E6AA00ABEB4F /* Build configuration list for PBXNativeTarget "Unticket" */ = {
			isa = XCConfigurationList;
			buildConfigurations = (
				43679A412650E6AA00ABEB4F /* Debug */,
				43679A422650E6AA00ABEB4F /* Release */,
			);
			defaultConfigurationIsVisible = 0;
			defaultConfigurationName = Release;
		};
/* End XCConfigurationList section */
	};
	rootObject = 43679A242650E6A900ABEB4F /* Project object */;
}
